
Microsoft Visual Studio Solution File, Format Version 12.00
# Visual Studio Version 17
VisualStudioVersion = 17.2.32526.322
MinimumVisualStudioVersion = 10.0.40219.1
Project("{FAE04EC0-301F-11D3-BF4B-00C04F79EFBC}") = "EntityFrameworkTesting", "EntityFrameworkTesting.csproj", "{9F58AB7B-4494-40E5-B6E6-6A0E6B88DA26}"
EndProject
Global
	GlobalSection(SolutionConfigurationPlatforms) = preSolution
		Debug|Any CPU = Debug|Any CPU
		Release|Any CPU = Release|Any CPU
	EndGlobalSection
	GlobalSection(ProjectConfigurationPlatforms) = postSolution
		{9F58AB7B-4494-40E5-B6E6-6A0E6B88DA26}.Debug|Any CPU.ActiveCfg = Debug|Any CPU
		{9F58AB7B-4494-40E5-B6E6-6A0E6B88DA26}.Debug|Any CPU.Build.0 = Debug|Any CPU
		{9F58AB7B-4494-40E5-B6E6-6A0E6B88DA26}.Release|Any CPU.ActiveCfg = Release|Any CPU
		{9F58AB7B-4494-40E5-B6E6-6A0E6B88DA26}.Release|Any CPU.Build.0 = Release|Any CPU
	EndGlobalSection
	GlobalSection(SolutionProperties) = preSolution
		HideSolutionNode = FALSE
	EndGlobalSection
	GlobalSection(ExtensibilityGlobals) = postSolution
		SolutionGuid = {20C200D6-6444-4439-9A89-7E1DF71C21A1}
	EndGlobalSection
EndGlobal
